Microsoft Visual Studio Solution File, Format Version 12.00
# Visual Studio Version 17
VisualStudioVersion = 17.13.35931.197
MinimumVisualStudioVersion = 10.0.40219.1
Project("{FAE04EC0-301F-11D3-BF4B-00C04F79EFBC}") = "HiJk", "HiJk.csproj", "{1C938B09-9C6B-4877-841A-5C56E2DB44C3}"
EndProject
Global
	GlobalSection(SolutionConfigurationPlatforms) = preSolution
		Debug|Any CPU = Debug|Any CPU
		Release|Any CPU = Release|Any CPU
	EndGlobalSection
	GlobalSection(ProjectConfigurationPlatforms) = postSolution
		{1C938B09-9C6B-4877-841A-5C56E2DB44C3}.Debug|Any CPU.ActiveCfg = Debug|Any CPU
		{1C938B09-9C6B-4877-841A-5C56E2DB44C3}.Debug|Any CPU.Build.0 = Debug|Any CPU
		{1C938B09-9C6B-4877-841A-5C56E2DB44C3}.Release|Any CPU.ActiveCfg = Release|Any CPU
		{1C938B09-9C6B-4877-841A-5C56E2DB44C3}.Release|Any CPU.Build.0 = Release|Any CPU
	EndGlobalSection
	GlobalSection(SolutionProperties) = preSolution
		HideSolutionNode = FALSE
	EndGlobalSection
	GlobalSection(ExtensibilityGlobals) = postSolution
		SolutionGuid = {3851DD4C-1658-4FBC-90EE-4AE441D15F42}
	EndGlobalSection
EndGlobal
